
Microsoft Visual Studio Solution File, Format Version 12.00
# Visual Studio Version 17
VisualStudioVersion = 17.3.32901.215
MinimumVisualStudioVersion = 10.0.40219.1
Project("{9A19103F-16F7-4668-BE54-9A1E7A4F7556}") = "PricingWarehouse.DAO", "PricingWarehouse.DAO\PricingWarehouse.DAO.csproj", "{49725207-A439-40E3-9A95-AD50CFE8A02D}"
EndProject
Project("{2150E333-8FDC-42A3-9474-1A3956D46DE8}") = "Solution Items", "Solution Items", "{5BA29F88-F556-4539-9C9A-3A65F1E4E5E6}"
	ProjectSection(SolutionItems) = preProject
		.gitignore = .gitignore
	EndProjectSection
EndProject
Project("{9A19103F-16F7-4668-BE54-9A1E7A4F7556}") = "PricingWarehouse.Domain", "PricingWarehouse.Domain\PricingWarehouse.Domain.csproj", "{668420B0-6D25-404A-8460-ECE267A547DF}"
EndProject
Project("{9A19103F-16F7-4668-BE54-9A1E7A4F7556}") = "PricingWarehouse.Infrastructure", "PricingWarehouse.Infrastructure\PricingWarehouse.Infrastructure.csproj", "{A5A69024-124C-49BE-B1CC-160E22A003BD}"
EndProject
Project("{FAE04EC0-301F-11D3-BF4B-00C04F79EFBC}") = "PricingWarehouse.DomainServices", "PricingWarehouse.DomainServices\PricingWarehouse.DomainServices.csproj", "{9BAE8069-EFD1-4CFD-9EF4-D067E4E9D987}"
EndProject
Project("{FAE04EC0-301F-11D3-BF4B-00C04F79EFBC}") = "PricingWarehouse.Repository", "PricingWarehouse.Repository\PricingWarehouse.Repository.csproj", "{B633E3C6-B431-4C12-86B8-3C4BC8F4E483}"
EndProject
Project("{FAE04EC0-301F-11D3-BF4B-00C04F79EFBC}") = "PricingWarehouse.DTO", "PricingWarehouse.DTO\PricingWarehouse.DTO.csproj", "{DDABCEA4-F623-4F26-AB02-619035483E8B}"
EndProject
Global
	GlobalSection(SolutionConfigurationPlatforms) = preSolution
		Debug|Any CPU = Debug|Any CPU
		Release|Any CPU = Release|Any CPU
	EndGlobalSection
	GlobalSection(ProjectConfigurationPlatforms) = postSolution
		{49725207-A439-40E3-9A95-AD50CFE8A02D}.Debug|Any CPU.ActiveCfg = Debug|Any CPU
		{49725207-A439-40E3-9A95-AD50CFE8A02D}.Debug|Any CPU.Build.0 = Debug|Any CPU
		{49725207-A439-40E3-9A95-AD50CFE8A02D}.Release|Any CPU.ActiveCfg = Release|Any CPU
		{49725207-A439-40E3-9A95-AD50CFE8A02D}.Release|Any CPU.Build.0 = Release|Any CPU
		{668420B0-6D25-404A-8460-ECE267A547DF}.Debug|Any CPU.ActiveCfg = Debug|Any CPU
		{668420B0-6D25-404A-8460-ECE267A547DF}.Debug|Any CPU.Build.0 = Debug|Any CPU
		{668420B0-6D25-404A-8460-ECE267A547DF}.Release|Any CPU.ActiveCfg = Release|Any CPU
		{668420B0-6D25-404A-8460-ECE267A547DF}.Release|Any CPU.Build.0 = Release|Any CPU
		{A5A69024-124C-49BE-B1CC-160E22A003BD}.Debug|Any CPU.ActiveCfg = Debug|Any CPU
		{A5A69024-124C-49BE-B1CC-160E22A003BD}.Debug|Any CPU.Build.0 = Debug|Any CPU
		{A5A69024-124C-49BE-B1CC-160E22A003BD}.Release|Any CPU.ActiveCfg = Release|Any CPU
		{A5A69024-124C-49BE-B1CC-160E22A003BD}.Release|Any CPU.Build.0 = Release|Any CPU
		{9BAE8069-EFD1-4CFD-9EF4-D067E4E9D987}.Debug|Any CPU.ActiveCfg = Debug|Any CPU
		{9BAE8069-EFD1-4CFD-9EF4-D067E4E9D987}.Debug|Any CPU.Build.0 = Debug|Any CPU
		{9BAE8069-EFD1-4CFD-9EF4-D067E4E9D987}.Release|Any CPU.ActiveCfg = Release|Any CPU
		{9BAE8069-EFD1-4CFD-9EF4-D067E4E9D987}.Release|Any CPU.Build.0 = Release|Any CPU
		{B633E3C6-B431-4C12-86B8-3C4BC8F4E483}.Debug|Any CPU.ActiveCfg = Debug|Any CPU
		{B633E3C6-B431-4C12-86B8-3C4BC8F4E483}.Debug|Any CPU.Build.0 = Debug|Any CPU
		{B633E3C6-B431-4C12-86B8-3C4BC8F4E483}.Release|Any CPU.ActiveCfg = Release|Any CPU
		{B633E3C6-B431-4C12-86B8-3C4BC8F4E483}.Release|Any CPU.Build.0 = Release|Any CPU
		{DDABCEA4-F623-4F26-AB02-619035483E8B}.Debug|Any CPU.ActiveCfg = Debug|Any CPU
		{DDABCEA4-F623-4F26-AB02-619035483E8B}.Debug|Any CPU.Build.0 = Debug|Any CPU
		{DDABCEA4-F623-4F26-AB02-619035483E8B}.Release|Any CPU.ActiveCfg = Release|Any CPU
		{DDABCEA4-F623-4F26-AB02-619035483E8B}.Release|Any CPU.Build.0 = Release|Any CPU
	EndGlobalSection
	GlobalSection(SolutionProperties) = preSolution
		HideSolutionNode = FALSE
	EndGlobalSection
	GlobalSection(ExtensibilityGlobals) = postSolution
		SolutionGuid = {223B78CF-B407-4359-BEAD-EA830927EFCD}
	EndGlobalSection
EndGlobal
